
Microsoft Visual Studio Solution File, Format Version 12.00
# Visual Studio Version 17
VisualStudioVersion = 17.0.31825.309
MinimumVisualStudioVersion = 10.0.40219.1
Project("{FAE04EC0-301F-11D3-BF4B-00C04F79EFBC}") = "AirplaneCrash.Server", "AirplaneCrash.Server\AirplaneCrash.Server.csproj", "{B82CC03E-962C-41C3-BAEA-0875ABC29D33}"
EndProject
Project("{FAE04EC0-301F-11D3-BF4B-00C04F79EFBC}") = "AirplaneCrash.Business", "AirplaneCrash.Business\AirplaneCrash.Business.csproj", "{B54B1FA8-B97A-4A53-AA93-BB696AB16407}"
EndProject
Project("{FAE04EC0-301F-11D3-BF4B-00C04F79EFBC}") = "AirplaneCrash.Core", "AirplaneCrash.Core\AirplaneCrash.Core.csproj", "{5C04E7F6-A392-4818-8D14-8CFB698EAB0A}"
EndProject
Project("{FAE04EC0-301F-11D3-BF4B-00C04F79EFBC}") = "AirplaneCrash.Entity", "AirplaneCrash.Entity\AirplaneCrash.Entity.csproj", "{B9560762-ADA0-4A2E-8F61-5F2B4462F3B0}"
EndProject
Global
	GlobalSection(SolutionConfigurationPlatforms) = preSolution
		Debug|Any CPU = Debug|Any CPU
		Release|Any CPU = Release|Any CPU
	EndGlobalSection
	GlobalSection(ProjectConfigurationPlatforms) = postSolution
		{B82CC03E-962C-41C3-BAEA-0875ABC29D33}.Debug|Any CPU.ActiveCfg = Debug|Any CPU
		{B82CC03E-962C-41C3-BAEA-0875ABC29D33}.Debug|Any CPU.Build.0 = Debug|Any CPU
		{B82CC03E-962C-41C3-BAEA-0875ABC29D33}.Release|Any CPU.ActiveCfg = Release|Any CPU
		{B82CC03E-962C-41C3-BAEA-0875ABC29D33}.Release|Any CPU.Build.0 = Release|Any CPU
		{B54B1FA8-B97A-4A53-AA93-BB696AB16407}.Debug|Any CPU.ActiveCfg = Debug|Any CPU
		{B54B1FA8-B97A-4A53-AA93-BB696AB16407}.Debug|Any CPU.Build.0 = Debug|Any CPU
		{B54B1FA8-B97A-4A53-AA93-BB696AB16407}.Release|Any CPU.ActiveCfg = Release|Any CPU
		{B54B1FA8-B97A-4A53-AA93-BB696AB16407}.Release|Any CPU.Build.0 = Release|Any CPU
		{5C04E7F6-A392-4818-8D14-8CFB698EAB0A}.Debug|Any CPU.ActiveCfg = Debug|Any CPU
		{5C04E7F6-A392-4818-8D14-8CFB698EAB0A}.Debug|Any CPU.Build.0 = Debug|Any CPU
		{5C04E7F6-A392-4818-8D14-8CFB698EAB0A}.Release|Any CPU.ActiveCfg = Release|Any CPU
		{5C04E7F6-A392-4818-8D14-8CFB698EAB0A}.Release|Any CPU.Build.0 = Release|Any CPU
		{B9560762-ADA0-4A2E-8F61-5F2B4462F3B0}.Debug|Any CPU.ActiveCfg = Debug|Any CPU
		{B9560762-ADA0-4A2E-8F61-5F2B4462F3B0}.Debug|Any CPU.Build.0 = Debug|Any CPU
		{B9560762-ADA0-4A2E-8F61-5F2B4462F3B0}.Release|Any CPU.ActiveCfg = Release|Any CPU
		{B9560762-ADA0-4A2E-8F61-5F2B4462F3B0}.Release|Any CPU.Build.0 = Release|Any CPU
	EndGlobalSection
	GlobalSection(SolutionProperties) = preSolution
		HideSolutionNode = FALSE
	EndGlobalSection
	GlobalSection(ExtensibilityGlobals) = postSolution
		SolutionGuid = {E1185904-C01F-42FC-B489-2006E1CCAF75}
	EndGlobalSection
EndGlobal
